
Microsoft Visual Studio Solution File, Format Version 12.00
# Visual Studio Version 16
VisualStudioVersion = 16.0.33328.57
MinimumVisualStudioVersion = 10.0.40219.1
Project("{FAE04EC0-301F-11D3-BF4B-00C04F79EFBC}") = "exercise", "exercise\exercise.csproj", "{776D09A4-3501-4F1B-9A69-EABA02DA9ADE}"
EndProject
Global
	GlobalSection(SolutionConfigurationPlatforms) = preSolution
		Debug|Any CPU = Debug|Any CPU
		Release|Any CPU = Release|Any CPU
	EndGlobalSection
	GlobalSection(ProjectConfigurationPlatforms) = postSolution
		{776D09A4-3501-4F1B-9A69-EABA02DA9ADE}.Debug|Any CPU.ActiveCfg = Debug|Any CPU
		{776D09A4-3501-4F1B-9A69-EABA02DA9ADE}.Debug|Any CPU.Build.0 = Debug|Any CPU
		{776D09A4-3501-4F1B-9A69-EABA02DA9ADE}.Release|Any CPU.ActiveCfg = Release|Any CPU
		{776D09A4-3501-4F1B-9A69-EABA02DA9ADE}.Release|Any CPU.Build.0 = Release|Any CPU
	EndGlobalSection
	GlobalSection(SolutionProperties) = preSolution
		HideSolutionNode = FALSE
	EndGlobalSection
	GlobalSection(ExtensibilityGlobals) = postSolution
		SolutionGuid = {84C7A09A-151A-4BDF-B726-F3946568A377}
	EndGlobalSection
EndGlobal
